
Microsoft Visual Studio Solution File, Format Version 12.00
# Visual Studio 15
VisualStudioVersion = 15.0.28010.2048
MinimumVisualStudioVersion = 10.0.40219.1
Project("{9A19103F-16F7-4668-BE54-9A1E7A4F7556}") = "ResourceAllocation.Api", "ResourceAllocation.Api\ResourceAllocation.Api.csproj", "{D61F2152-5AF3-41FB-B983-BB7E86AE5254}"
EndProject
Project("{FAE04EC0-301F-11D3-BF4B-00C04F79EFBC}") = "ResourceAllocation.Services", "ResourceAllocation.Services\ResourceAllocation.Services.csproj", "{598E2A0D-1DBF-4481-84B3-AD09ABE0356D}"
EndProject
Project("{FAE04EC0-301F-11D3-BF4B-00C04F79EFBC}") = "ResourceAllocation.Domain", "ResourceAllocation.Domain\ResourceAllocation.Domain.csproj", "{B5AEDB8C-8D1F-4EE7-BAC8-5E91E2F883D0}"
EndProject
Project("{FAE04EC0-301F-11D3-BF4B-00C04F79EFBC}") = "ResourceAllocation.DataLayer", "ResourceAllocation.DataLayer\ResourceAllocation.DataLayer.csproj", "{08652F87-93E3-42DC-874E-4921CE2107EB}"
EndProject
Global
	GlobalSection(SolutionConfigurationPlatforms) = preSolution
		Debug|Any CPU = Debug|Any CPU
		Release|Any CPU = Release|Any CPU
	EndGlobalSection
	GlobalSection(ProjectConfigurationPlatforms) = postSolution
		{D61F2152-5AF3-41FB-B983-BB7E86AE5254}.Debug|Any CPU.ActiveCfg = Debug|Any CPU
		{D61F2152-5AF3-41FB-B983-BB7E86AE5254}.Debug|Any CPU.Build.0 = Debug|Any CPU
		{D61F2152-5AF3-41FB-B983-BB7E86AE5254}.Release|Any CPU.ActiveCfg = Release|Any CPU
		{D61F2152-5AF3-41FB-B983-BB7E86AE5254}.Release|Any CPU.Build.0 = Release|Any CPU
		{598E2A0D-1DBF-4481-84B3-AD09ABE0356D}.Debug|Any CPU.ActiveCfg = Debug|Any CPU
		{598E2A0D-1DBF-4481-84B3-AD09ABE0356D}.Debug|Any CPU.Build.0 = Debug|Any CPU
		{598E2A0D-1DBF-4481-84B3-AD09ABE0356D}.Release|Any CPU.ActiveCfg = Release|Any CPU
		{598E2A0D-1DBF-4481-84B3-AD09ABE0356D}.Release|Any CPU.Build.0 = Release|Any CPU
		{B5AEDB8C-8D1F-4EE7-BAC8-5E91E2F883D0}.Debug|Any CPU.ActiveCfg = Debug|Any CPU
		{B5AEDB8C-8D1F-4EE7-BAC8-5E91E2F883D0}.Debug|Any CPU.Build.0 = Debug|Any CPU
		{B5AEDB8C-8D1F-4EE7-BAC8-5E91E2F883D0}.Release|Any CPU.ActiveCfg = Release|Any CPU
		{B5AEDB8C-8D1F-4EE7-BAC8-5E91E2F883D0}.Release|Any CPU.Build.0 = Release|Any CPU
		{08652F87-93E3-42DC-874E-4921CE2107EB}.Debug|Any CPU.ActiveCfg = Debug|Any CPU
		{08652F87-93E3-42DC-874E-4921CE2107EB}.Debug|Any CPU.Build.0 = Debug|Any CPU
		{08652F87-93E3-42DC-874E-4921CE2107EB}.Release|Any CPU.ActiveCfg = Release|Any CPU
		{08652F87-93E3-42DC-874E-4921CE2107EB}.Release|Any CPU.Build.0 = Release|Any CPU
	EndGlobalSection
	GlobalSection(SolutionProperties) = preSolution
		HideSolutionNode = FALSE
	EndGlobalSection
	GlobalSection(ExtensibilityGlobals) = postSolution
		SolutionGuid = {E94A1BE6-0654-49D1-A0F7-CECD6390B274}
	EndGlobalSection
EndGlobal
